{
  "name": "dss-architecture-blog",
  "version": "1.0.0",
  "lockfileVersion": 1,
  "requires": true,
  "dependencies": {
    "gaap-analytics": {
      "version": "2.2.1",
      "resolved": "https://registry.npmjs.org/gaap-analytics/-/gaap-analytics-2.2.1.tgz",
      "integrity": "sha512-cnqQjqUt6wKM/nQvmw4maE+2Lodt/hftKWwUMOsPD2/pwwuKVgNpPLbmiXGowDxfwofj0GbSjd8jgvNWNjJjDg=="
    },
    "govuk-frontend": {
      "version": "3.9.1",
      "resolved": "https://registry.npmjs.org/govuk-frontend/-/govuk-frontend-3.9.1.tgz",
      "integrity": "sha512-ouOoDUj0QwDA4uCHIBkGCFMpORuTRcSuDscOrz7V1PBcOecntLglxJAZAuNm+j2sPo7anoScHU0ZSeE2QIoeAg=="
    }
  }
}
